// !$*UTF8*$!
{
	archiveVersion = 1;
	classes = {
	};
	objectVersion = 50;
	objects = {

/* Begin PBXBuildFile section */
		4D6EAE8722964DB60088FE12 /* AppDelegate.m in Sources */ = {isa = PBXBuildFile; fileRef = 4D6EAE8622964DB60088FE12 /* AppDelegate.m */; };
		4D6EAE8D22964DB60088FE12 /* Main.storyboard in Resources */ = {isa = PBXBuildFile; fileRef = 4D6EAE8B22964DB60088FE12 /* Main.storyboard */; };
		4D6EAE8F22964DB70088FE12 /* Assets.xcassets in Resources */ = {isa = PBXBuildFile; fileRef = 4D6EAE8E22964DB70088FE12 /* Assets.xcassets */; };
		4D6EAE9222964DB70088FE12 /* LaunchScreen.storyboard in Resources */ = {isa = PBXBuildFile; fileRef = 4D6EAE9022964DB70088FE12 /* LaunchScreen.storyboard */; };
		4D6EAE9522964DB70088FE12 /* main.m in Sources */ = {isa = PBXBuildFile; fileRef = 4D6EAE9422964DB70088FE12 /* main.m */; };
		4D6EAEA22296717B0088FE12 /* TNHomeViewController.m in Sources */ = {isa = PBXBuildFile; fileRef = 4D6EAEA12296717B0088FE12 /* TNHomeViewController.m */; };
		4D6EAEA5229671AD0088FE12 /* TNNavigationController.m in Sources */ = {isa = PBXBuildFile; fileRef = 4D6EAEA4229671AD0088FE12 /* TNNavigationController.m */; };
		4D6EAEA822967DC80088FE12 /* TNDocument.m in Sources */ = {isa = PBXBuildFile; fileRef = 4D6EAEA722967DC80088FE12 /* TNDocument.m */; };
		4D6EAEB22296970D0088FE12 /* TNIssuerObject.m in Sources */ = {isa = PBXBuildFile; fileRef = 4D6EAEB12296970D0088FE12 /* TNIssuerObject.m */; };
		4D6EAEB5229697950088FE12 /* TNReceiverObject.m in Sources */ = {isa = PBXBuildFile; fileRef = 4D6EAEB4229697950088FE12 /* TNReceiverObject.m */; };
		4D6EAEB822969B820088FE12 /* TNApplyCertController.m in Sources */ = {isa = PBXBuildFile; fileRef = 4D6EAEB722969B820088FE12 /* TNApplyCertController.m */; };
		4D6EAEBB22969BC10088FE12 /* TNApplyCertView.m in Sources */ = {isa = PBXBuildFile; fileRef = 4D6EAEBA22969BC10088FE12 /* TNApplyCertView.m */; };
		4D6EAEC422969EBD0088FE12 /* TNCBaseItemCell.m in Sources */ = {isa = PBXBuildFile; fileRef = 4D6EAEBC22969EBC0088FE12 /* TNCBaseItemCell.m */; };
		4D6EAEC522969EBD0088FE12 /* TNCCompatible.m in Sources */ = {isa = PBXBuildFile; fileRef = 4D6EAEBD22969EBC0088FE12 /* TNCCompatible.m */; };
		4D6EAEC622969EBD0088FE12 /* TNCBaseItem.m in Sources */ = {isa = PBXBuildFile; fileRef = 4D6EAEC022969EBC0088FE12 /* TNCBaseItem.m */; };
		4D6EAEC722969EBD0088FE12 /* TNCSectionModel.m in Sources */ = {isa = PBXBuildFile; fileRef = 4D6EAEC222969EBD0088FE12 /* TNCSectionModel.m */; };
		4D6EAECA22969EFB0088FE12 /* UIColor+Extension.m in Sources */ = {isa = PBXBuildFile; fileRef = 4D6EAEC922969EFB0088FE12 /* UIColor+Extension.m */; };
		4D6EAECD2296B4550088FE12 /* MBProgressHUD+Extend.m in Sources */ = {isa = PBXBuildFile; fileRef = 4D6EAECC2296B4550088FE12 /* MBProgressHUD+Extend.m */; };
		4D6EAED02296B5640088FE12 /* TNApplyCertModel.m in Sources */ = {isa = PBXBuildFile; fileRef = 4D6EAECF2296B5640088FE12 /* TNApplyCertModel.m */; };
		4D6EAED32296B7D00088FE12 /* TNCommonCell.m in Sources */ = {isa = PBXBuildFile; fileRef = 4D6EAED22296B7D00088FE12 /* TNCommonCell.m */; };
		4D6EAED62296C1710088FE12 /* TNCommonCellItem.m in Sources */ = {isa = PBXBuildFile; fileRef = 4D6EAED52296C1710088FE12 /* TNCommonCellItem.m */; };
		4D6EAEDA22978E4A0088FE12 /* TSBManager.mm in Sources */ = {isa = PBXBuildFile; fileRef = 4D6EAED922978E4A0088FE12 /* TSBManager.mm */; };
		4DE382882297E7D600B2BB24 /* TNNetWorkManager.m in Sources */ = {isa = PBXBuildFile; fileRef = 4DE382872297E7D600B2BB24 /* TNNetWorkManager.m */; };
		4DE3828B2297E9F700B2BB24 /* NSDictionary+NSNull.m in Sources */ = {isa = PBXBuildFile; fileRef = 4DE3828A2297E9F700B2BB24 /* NSDictionary+NSNull.m */; };
		4DE3828E229B73CB00B2BB24 /* TNHomeView.m in Sources */ = {isa = PBXBuildFile; fileRef = 4DE3828D229B73CB00B2BB24 /* TNHomeView.m */; };
		4DE38291229B886C00B2BB24 /* TNSqlManager.m in Sources */ = {isa = PBXBuildFile; fileRef = 4DE38290229B886C00B2BB24 /* TNSqlManager.m */; };
		4DE38294229BE75300B2BB24 /* TNCertManager.m in Sources */ = {isa = PBXBuildFile; fileRef = 4DE38293229BE75300B2BB24 /* TNCertManager.m */; };
		4DEDF101229C083A0044DC05 /* TNHashCertificateModel.m in Sources */ = {isa = PBXBuildFile; fileRef = 4DEDF100229C083A0044DC05 /* TNHashCertificateModel.m */; };
		4DEDF104229C085F0044DC05 /* TNCertModel.m in Sources */ = {isa = PBXBuildFile; fileRef = 4DEDF103229C085F0044DC05 /* TNCertModel.m */; };
		4DEDF107229C08730044DC05 /* TNIssuerModel.m in Sources */ = {isa = PBXBuildFile; fileRef = 4DEDF106229C08730044DC05 /* TNIssuerModel.m */; };
		4DEDF10A229C088C0044DC05 /* TNReceiverModel.m in Sources */ = {isa = PBXBuildFile; fileRef = 4DEDF109229C088C0044DC05 /* TNReceiverModel.m */; };
		4DEDF10D229C08A80044DC05 /* TNSignatureModel.m in Sources */ = {isa = PBXBuildFile; fileRef = 4DEDF10C229C08A80044DC05 /* TNSignatureModel.m */; };
		4DEDF110229D52570044DC05 /* TNIssuerCell.m in Sources */ = {isa = PBXBuildFile; fileRef = 4DEDF10F229D52570044DC05 /* TNIssuerCell.m */; };
		4DEDF113229E0FB90044DC05 /* TNIssuerInfoController.m in Sources */ = {isa = PBXBuildFile; fileRef = 4DEDF112229E0FB90044DC05 /* TNIssuerInfoController.m */; };
		4DEDF116229E0FFD0044DC05 /* TNIssuerInfoView.m in Sources */ = {isa = PBXBuildFile; fileRef = 4DEDF115229E0FFD0044DC05 /* TNIssuerInfoView.m */; };
		4DEDF119229E123A0044DC05 /* TNCardHiddenNavigationController.m in Sources */ = {isa = PBXBuildFile; fileRef = 4DEDF118229E123A0044DC05 /* TNCardHiddenNavigationController.m */; };
		4DEDF11C229E15800044DC05 /* TNIssuerInfoHeaderView.m in Sources */ = {isa = PBXBuildFile; fileRef = 4DEDF11B229E15800044DC05 /* TNIssuerInfoHeaderView.m */; };
		4DEDF11F229E34000044DC05 /* TNCertInfoController.m in Sources */ = {isa = PBXBuildFile; fileRef = 4DEDF11E229E34000044DC05 /* TNCertInfoController.m */; };
		4DEDF122229E37CA0044DC05 /* TNCertInfoView.m in Sources */ = {isa = PBXBuildFile; fileRef = 4DEDF121229E37CA0044DC05 /* TNCertInfoView.m */; };
		7607802C6DBAEAF626D37FE6 /* libPods-syswinCert.a in Frameworks */ = {isa = PBXBuildFile; fileRef = 0EA9ADA1AD9B787817DA9C77 /* libPods-syswinCert.a */; };
/* End PBXBuildFile section */

/* Begin PBXFileReference section */
		0EA9ADA1AD9B787817DA9C77 /* libPods-syswinCert.a */ = {isa = PBXFileReference; explicitFileType = archive.ar; includeInIndex = 0; path = "libPods-syswinCert.a"; sourceTree = BUILT_PRODUCTS_DIR; };
		4D6EAE8222964DB60088FE12 /* syswinCert.app */ = {isa = PBXFileReference; explicitFileType = wrapper.application; includeInIndex = 0; path = syswinCert.app; sourceTree = BUILT_PRODUCTS_DIR; };
		4D6EAE8522964DB60088FE12 /* AppDelegate.h */ = {isa = PBXFileReference; lastKnownFileType = sourcecode.c.h; path = AppDelegate.h; sourceTree = "<group>"; };
		4D6EAE8622964DB60088FE12 /* AppDelegate.m */ = {isa = PBXFileReference; lastKnownFileType = sourcecode.c.objc; path = AppDelegate.m; sourceTree = "<group>"; };
		4D6EAE8C22964DB60088FE12 /* Base */ = {isa = PBXFileReference; lastKnownFileType = file.storyboard; name = Base; path = Base.lproj/Main.storyboard; sourceTree = "<group>"; };
		4D6EAE8E22964DB70088FE12 /* Assets.xcassets */ = {isa = PBXFileReference; lastKnownFileType = folder.assetcatalog; path = Assets.xcassets; sourceTree = "<group>"; };
		4D6EAE9122964DB70088FE12 /* Base */ = {isa = PBXFileReference; lastKnownFileType = file.storyboard; name = Base; path = Base.lproj/LaunchScreen.storyboard; sourceTree = "<group>"; };
		4D6EAE9322964DB70088FE12 /* Info.plist */ = {isa = PBXFileReference; lastKnownFileType = text.plist.xml; path = Info.plist; sourceTree = "<group>"; };
		4D6EAE9422964DB70088FE12 /* main.m */ = {isa = PBXFileReference; lastKnownFileType = sourcecode.c.objc; path = main.m; sourceTree = "<group>"; };
		4D6EAEA02296717B0088FE12 /* TNHomeViewController.h */ = {isa = PBXFileReference; lastKnownFileType = sourcecode.c.h; path = TNHomeViewController.h; sourceTree = "<group>"; };
		4D6EAEA12296717B0088FE12 /* TNHomeViewController.m */ = {isa = PBXFileReference; lastKnownFileType = sourcecode.c.objc; path = TNHomeViewController.m; sourceTree = "<group>"; };
		4D6EAEA3229671AD0088FE12 /* TNNavigationController.h */ = {isa = PBXFileReference; lastKnownFileType = sourcecode.c.h; path = TNNavigationController.h; sourceTree = "<group>"; };
		4D6EAEA4229671AD0088FE12 /* TNNavigationController.m */ = {isa = PBXFileReference; lastKnownFileType = sourcecode.c.objc; path = TNNavigationController.m; sourceTree = "<group>"; };
		4D6EAEA622967DC80088FE12 /* TNDocument.h */ = {isa = PBXFileReference; lastKnownFileType = sourcecode.c.h; path = TNDocument.h; sourceTree = "<group>"; };
		4D6EAEA722967DC80088FE12 /* TNDocument.m */ = {isa = PBXFileReference; lastKnownFileType = sourcecode.c.objc; path = TNDocument.m; sourceTree = "<group>"; };
		4D6EAEA922967F730088FE12 /* syswinCert.entitlements */ = {isa = PBXFileReference; lastKnownFileType = text.plist.entitlements; path = syswinCert.entitlements; sourceTree = "<group>"; };
		4D6EAEB02296970D0088FE12 /* TNIssuerObject.h */ = {isa = PBXFileReference; lastKnownFileType = sourcecode.c.h; path = TNIssuerObject.h; sourceTree = "<group>"; };
		4D6EAEB12296970D0088FE12 /* TNIssuerObject.m */ = {isa = PBXFileReference; lastKnownFileType = sourcecode.c.objc; path = TNIssuerObject.m; sourceTree = "<group>"; };
		4D6EAEB3229697950088FE12 /* TNReceiverObject.h */ = {isa = PBXFileReference; lastKnownFileType = sourcecode.c.h; path = TNReceiverObject.h; sourceTree = "<group>"; };
		4D6EAEB4229697950088FE12 /* TNReceiverObject.m */ = {isa = PBXFileReference; lastKnownFileType = sourcecode.c.objc; path = TNReceiverObject.m; sourceTree = "<group>"; };
		4D6EAEB622969B820088FE12 /* TNApplyCertController.h */ = {isa = PBXFileReference; lastKnownFileType = sourcecode.c.h; path = TNApplyCertController.h; sourceTree = "<group>"; };
		4D6EAEB722969B820088FE12 /* TNApplyCertController.m */ = {isa = PBXFileReference; lastKnownFileType = sourcecode.c.objc; path = TNApplyCertController.m; sourceTree = "<group>"; };
		4D6EAEB922969BC10088FE12 /* TNApplyCertView.h */ = {isa = PBXFileReference; lastKnownFileType = sourcecode.c.h; path = TNApplyCertView.h; sourceTree = "<group>"; };
		4D6EAEBA22969BC10088FE12 /* TNApplyCertView.m */ = {isa = PBXFileReference; lastKnownFileType = sourcecode.c.objc; path = TNApplyCertView.m; sourceTree = "<group>"; };
		4D6EAEBC22969EBC0088FE12 /* TNCBaseItemCell.m */ = {isa = PBXFileReference; fileEncoding = 4; lastKnownFileType = sourcecode.c.objc; path = TNCBaseItemCell.m; sourceTree = "<group>"; };
		4D6EAEBD22969EBC0088FE12 /* TNCCompatible.m */ = {isa = PBXFileReference; fileEncoding = 4; lastKnownFileType = sourcecode.c.objc; path = TNCCompatible.m; sourceTree = "<group>"; };
		4D6EAEBE22969EBC0088FE12 /* TNCSectionModel.h */ = {isa = PBXFileReference; fileEncoding = 4; lastKnownFileType = sourcecode.c.h; path = TNCSectionModel.h; sourceTree = "<group>"; };
		4D6EAEBF22969EBC0088FE12 /* TNCBaseItem.h */ = {isa = PBXFileReference; fileEncoding = 4; lastKnownFileType = sourcecode.c.h; path = TNCBaseItem.h; sourceTree = "<group>"; };
		4D6EAEC022969EBC0088FE12 /* TNCBaseItem.m */ = {isa = PBXFileReference; fileEncoding = 4; lastKnownFileType = sourcecode.c.objc; path = TNCBaseItem.m; sourceTree = "<group>"; };
		4D6EAEC122969EBD0088FE12 /* TNCBaseItemCell.h */ = {isa = PBXFileReference; fileEncoding = 4; lastKnownFileType = sourcecode.c.h; path = TNCBaseItemCell.h; sourceTree = "<group>"; };
		4D6EAEC222969EBD0088FE12 /* TNCSectionModel.m */ = {isa = PBXFileReference; fileEncoding = 4; lastKnownFileType = sourcecode.c.objc; path = TNCSectionModel.m; sourceTree = "<group>"; };
		4D6EAEC322969EBD0088FE12 /* TNCCompatible.h */ = {isa = PBXFileReference; fileEncoding = 4; lastKnownFileType = sourcecode.c.h; path = TNCCompatible.h; sourceTree = "<group>"; };
		4D6EAEC822969EFB0088FE12 /* UIColor+Extension.h */ = {isa = PBXFileReference; fileEncoding = 4; lastKnownFileType = sourcecode.c.h; path = "UIColor+Extension.h"; sourceTree = "<group>"; };
		4D6EAEC922969EFB0088FE12 /* UIColor+Extension.m */ = {isa = PBXFileReference; fileEncoding = 4; lastKnownFileType = sourcecode.c.objc; path = "UIColor+Extension.m"; sourceTree = "<group>"; };
		4D6EAECB2296B4550088FE12 /* MBProgressHUD+Extend.h */ = {isa = PBXFileReference; fileEncoding = 4; lastKnownFileType = sourcecode.c.h; path = "MBProgressHUD+Extend.h"; sourceTree = "<group>"; };
		4D6EAECC2296B4550088FE12 /* MBProgressHUD+Extend.m */ = {isa = PBXFileReference; fileEncoding = 4; lastKnownFileType = sourcecode.c.objc; path = "MBProgressHUD+Extend.m"; sourceTree = "<group>"; };
		4D6EAECE2296B5640088FE12 /* TNApplyCertModel.h */ = {isa = PBXFileReference; lastKnownFileType = sourcecode.c.h; path = TNApplyCertModel.h; sourceTree = "<group>"; };
		4D6EAECF2296B5640088FE12 /* TNApplyCertModel.m */ = {isa = PBXFileReference; lastKnownFileType = sourcecode.c.objc; path = TNApplyCertModel.m; sourceTree = "<group>"; };
		4D6EAED12296B7D00088FE12 /* TNCommonCell.h */ = {isa = PBXFileReference; lastKnownFileType = sourcecode.c.h; path = TNCommonCell.h; sourceTree = "<group>"; };
		4D6EAED22296B7D00088FE12 /* TNCommonCell.m */ = {isa = PBXFileReference; lastKnownFileType = sourcecode.c.objc; path = TNCommonCell.m; sourceTree = "<group>"; };
		4D6EAED42296C1710088FE12 /* TNCommonCellItem.h */ = {isa = PBXFileReference; lastKnownFileType = sourcecode.c.h; path = TNCommonCellItem.h; sourceTree = "<group>"; };
		4D6EAED52296C1710088FE12 /* TNCommonCellItem.m */ = {isa = PBXFileReference; lastKnownFileType = sourcecode.c.objc; path = TNCommonCellItem.m; sourceTree = "<group>"; };
		4D6EAED7229778EE0088FE12 /* TOONWYGlobalDefinition.h */ = {isa = PBXFileReference; fileEncoding = 4; lastKnownFileType = sourcecode.c.h; path = TOONWYGlobalDefinition.h; sourceTree = "<group>"; };
		4D6EAED822978E4A0088FE12 /* TSBManager.h */ = {isa = PBXFileReference; lastKnownFileType = sourcecode.c.h; path = TSBManager.h; sourceTree = "<group>"; };
		4D6EAED922978E4A0088FE12 /* TSBManager.mm */ = {isa = PBXFileReference; lastKnownFileType = sourcecode.cpp.objcpp; path = TSBManager.mm; sourceTree = "<group>"; };
		4DE382862297E7D600B2BB24 /* TNNetWorkManager.h */ = {isa = PBXFileReference; lastKnownFileType = sourcecode.c.h; path = TNNetWorkManager.h; sourceTree = "<group>"; };
		4DE382872297E7D600B2BB24 /* TNNetWorkManager.m */ = {isa = PBXFileReference; lastKnownFileType = sourcecode.c.objc; path = TNNetWorkManager.m; sourceTree = "<group>"; };
		4DE382892297E9F700B2BB24 /* NSDictionary+NSNull.h */ = {isa = PBXFileReference; lastKnownFileType = sourcecode.c.h; path = "NSDictionary+NSNull.h"; sourceTree = "<group>"; };
		4DE3828A2297E9F700B2BB24 /* NSDictionary+NSNull.m */ = {isa = PBXFileReference; lastKnownFileType = sourcecode.c.objc; path = "NSDictionary+NSNull.m"; sourceTree = "<group>"; };
		4DE3828C229B73CB00B2BB24 /* TNHomeView.h */ = {isa = PBXFileReference; lastKnownFileType = sourcecode.c.h; path = TNHomeView.h; sourceTree = "<group>"; };
		4DE3828D229B73CB00B2BB24 /* TNHomeView.m */ = {isa = PBXFileReference; lastKnownFileType = sourcecode.c.objc; path = TNHomeView.m; sourceTree = "<group>"; };
		4DE3828F229B886C00B2BB24 /* TNSqlManager.h */ = {isa = PBXFileReference; lastKnownFileType = sourcecode.c.h; path = TNSqlManager.h; sourceTree = "<group>"; };
		4DE38290229B886C00B2BB24 /* TNSqlManager.m */ = {isa = PBXFileReference; lastKnownFileType = sourcecode.c.objc; path = TNSqlManager.m; sourceTree = "<group>"; };
		4DE38292229BE75300B2BB24 /* TNCertManager.h */ = {isa = PBXFileReference; lastKnownFileType = sourcecode.c.h; path = TNCertManager.h; sourceTree = "<group>"; };
		4DE38293229BE75300B2BB24 /* TNCertManager.m */ = {isa = PBXFileReference; lastKnownFileType = sourcecode.c.objc; path = TNCertManager.m; sourceTree = "<group>"; };
		4DEDF0FF229C083A0044DC05 /* TNHashCertificateModel.h */ = {isa = PBXFileReference; lastKnownFileType = sourcecode.c.h; path = TNHashCertificateModel.h; sourceTree = "<group>"; };
		4DEDF100229C083A0044DC05 /* TNHashCertificateModel.m */ = {isa = PBXFileReference; lastKnownFileType = sourcecode.c.objc; path = TNHashCertificateModel.m; sourceTree = "<group>"; };
		4DEDF102229C085F0044DC05 /* TNCertModel.h */ = {isa = PBXFileReference; lastKnownFileType = sourcecode.c.h; path = TNCertModel.h; sourceTree = "<group>"; };
		4DEDF103229C085F0044DC05 /* TNCertModel.m */ = {isa = PBXFileReference; lastKnownFileType = sourcecode.c.objc; path = TNCertModel.m; sourceTree = "<group>"; };
		4DEDF105229C08730044DC05 /* TNIssuerModel.h */ = {isa = PBXFileReference; lastKnownFileType = sourcecode.c.h; path = TNIssuerModel.h; sourceTree = "<group>"; };
		4DEDF106229C08730044DC05 /* TNIssuerModel.m */ = {isa = PBXFileReference; lastKnownFileType = sourcecode.c.objc; path = TNIssuerModel.m; sourceTree = "<group>"; };
		4DEDF108229C088C0044DC05 /* TNReceiverModel.h */ = {isa = PBXFileReference; lastKnownFileType = sourcecode.c.h; path = TNReceiverModel.h; sourceTree = "<group>"; };
		4DEDF109229C088C0044DC05 /* TNReceiverModel.m */ = {isa = PBXFileReference; lastKnownFileType = sourcecode.c.objc; path = TNReceiverModel.m; sourceTree = "<group>"; };
		4DEDF10B229C08A80044DC05 /* TNSignatureModel.h */ = {isa = PBXFileReference; lastKnownFileType = sourcecode.c.h; path = TNSignatureModel.h; sourceTree = "<group>"; };
		4DEDF10C229C08A80044DC05 /* TNSignatureModel.m */ = {isa = PBXFileReference; lastKnownFileType = sourcecode.c.objc; path = TNSignatureModel.m; sourceTree = "<group>"; };
		4DEDF10E229D52570044DC05 /* TNIssuerCell.h */ = {isa = PBXFileReference; lastKnownFileType = sourcecode.c.h; path = TNIssuerCell.h; sourceTree = "<group>"; };
		4DEDF10F229D52570044DC05 /* TNIssuerCell.m */ = {isa = PBXFileReference; lastKnownFileType = sourcecode.c.objc; path = TNIssuerCell.m; sourceTree = "<group>"; };
		4DEDF111229E0FB90044DC05 /* TNIssuerInfoController.h */ = {isa = PBXFileReference; lastKnownFileType = sourcecode.c.h; path = TNIssuerInfoController.h; sourceTree = "<group>"; };
		4DEDF112229E0FB90044DC05 /* TNIssuerInfoController.m */ = {isa = PBXFileReference; lastKnownFileType = sourcecode.c.objc; path = TNIssuerInfoController.m; sourceTree = "<group>"; };
		4DEDF114229E0FFD0044DC05 /* TNIssuerInfoView.h */ = {isa = PBXFileReference; lastKnownFileType = sourcecode.c.h; path = TNIssuerInfoView.h; sourceTree = "<group>"; };
		4DEDF115229E0FFD0044DC05 /* TNIssuerInfoView.m */ = {isa = PBXFileReference; lastKnownFileType = sourcecode.c.objc; path = TNIssuerInfoView.m; sourceTree = "<group>"; };
		4DEDF117229E123A0044DC05 /* TNCardHiddenNavigationController.h */ = {isa = PBXFileReference; fileEncoding = 4; lastKnownFileType = sourcecode.c.h; path = TNCardHiddenNavigationController.h; sourceTree = "<group>"; };
		4DEDF118229E123A0044DC05 /* TNCardHiddenNavigationController.m */ = {isa = PBXFileReference; fileEncoding = 4; lastKnownFileType = sourcecode.c.objc; path = TNCardHiddenNavigationController.m; sourceTree = "<group>"; };
		4DEDF11A229E15800044DC05 /* TNIssuerInfoHeaderView.h */ = {isa = PBXFileReference; lastKnownFileType = sourcecode.c.h; path = TNIssuerInfoHeaderView.h; sourceTree = "<group>"; };
		4DEDF11B229E15800044DC05 /* TNIssuerInfoHeaderView.m */ = {isa = PBXFileReference; lastKnownFileType = sourcecode.c.objc; path = TNIssuerInfoHeaderView.m; sourceTree = "<group>"; };
		4DEDF11D229E34000044DC05 /* TNCertInfoController.h */ = {isa = PBXFileReference; lastKnownFileType = sourcecode.c.h; path = TNCertInfoController.h; sourceTree = "<group>"; };
		4DEDF11E229E34000044DC05 /* TNCertInfoController.m */ = {isa = PBXFileReference; lastKnownFileType = sourcecode.c.objc; path = TNCertInfoController.m; sourceTree = "<group>"; };
		4DEDF120229E37CA0044DC05 /* TNCertInfoView.h */ = {isa = PBXFileReference; lastKnownFileType = sourcecode.c.h; path = TNCertInfoView.h; sourceTree = "<group>"; };
		4DEDF121229E37CA0044DC05 /* TNCertInfoView.m */ = {isa = PBXFileReference; lastKnownFileType = sourcecode.c.objc; path = TNCertInfoView.m; sourceTree = "<group>"; };
		585D9521FA9DA861868C78DE /* Pods-syswinCert.debug.xcconfig */ = {isa = PBXFileReference; includeInIndex = 1; lastKnownFileType = text.xcconfig; name = "Pods-syswinCert.debug.xcconfig"; path = "Pods/Target Support Files/Pods-syswinCert/Pods-syswinCert.debug.xcconfig"; sourceTree = "<group>"; };
		F4D4E0CD29BE475F9A4782A6 /* Pods-syswinCert.release.xcconfig */ = {isa = PBXFileReference; includeInIndex = 1; lastKnownFileType = text.xcconfig; name = "Pods-syswinCert.release.xcconfig"; path = "Pods/Target Support Files/Pods-syswinCert/Pods-syswinCert.release.xcconfig"; sourceTree = "<group>"; };
/* End PBXFileReference section */

/* Begin PBXFrameworksBuildPhase section */
		4D6EAE7F22964DB60088FE12 /* Frameworks */ = {
			isa = PBXFrameworksBuildPhase;
			buildActionMask = 2147483647;
			files = (
				7607802C6DBAEAF626D37FE6 /* libPods-syswinCert.a in Frameworks */,
			);
			runOnlyForDeploymentPostprocessing = 0;
		};
/* End PBXFrameworksBuildPhase section */

/* Begin PBXGroup section */
		4D6EAE7922964DB60088FE12 = {
			isa = PBXGroup;
			children = (
				4D6EAE8422964DB60088FE12 /* syswinCert */,
				4D6EAE8322964DB60088FE12 /* Products */,
				EBBC231ABC4EA54F98FBEEA4 /* Pods */,
				E1168F345FD3F846A2A99D1E /* Frameworks */,
			);
			sourceTree = "<group>";
		};
		4D6EAE8322964DB60088FE12 /* Products */ = {
			isa = PBXGroup;
			children = (
				4D6EAE8222964DB60088FE12 /* syswinCert.app */,
			);
			name = Products;
			sourceTree = "<group>";
		};
		4D6EAE8422964DB60088FE12 /* syswinCert */ = {
			isa = PBXGroup;
			children = (
				4D6EAEA922967F730088FE12 /* syswinCert.entitlements */,
				4D6EAE9B229671380088FE12 /* sourceCode */,
				4D6EAE8522964DB60088FE12 /* AppDelegate.h */,
				4D6EAE8622964DB60088FE12 /* AppDelegate.m */,
				4D6EAE8B22964DB60088FE12 /* Main.storyboard */,
				4D6EAE8E22964DB70088FE12 /* Assets.xcassets */,
				4D6EAE9022964DB70088FE12 /* LaunchScreen.storyboard */,
				4D6EAE9322964DB70088FE12 /* Info.plist */,
				4D6EAE9422964DB70088FE12 /* main.m */,
			);
			path = syswinCert;
			sourceTree = "<group>";
		};
		4D6EAE9B229671380088FE12 /* sourceCode */ = {
			isa = PBXGroup;
			children = (
				4D6EAE9C229671380088FE12 /* controller */,
				4D6EAE9D229671380088FE12 /* common */,
				4D6EAE9E229671380088FE12 /* model */,
				4D6EAE9F229671380088FE12 /* view */,
			);
			path = sourceCode;
			sourceTree = "<group>";
		};
		4D6EAE9C229671380088FE12 /* controller */ = {
			isa = PBXGroup;
			children = (
				4D6EAEA02296717B0088FE12 /* TNHomeViewController.h */,
				4D6EAEA12296717B0088FE12 /* TNHomeViewController.m */,
				4D6EAEB622969B820088FE12 /* TNApplyCertController.h */,
				4D6EAEB722969B820088FE12 /* TNApplyCertController.m */,
				4DEDF111229E0FB90044DC05 /* TNIssuerInfoController.h */,
				4DEDF112229E0FB90044DC05 /* TNIssuerInfoController.m */,
				4DEDF11D229E34000044DC05 /* TNCertInfoController.h */,
				4DEDF11E229E34000044DC05 /* TNCertInfoController.m */,
				4DEDF117229E123A0044DC05 /* TNCardHiddenNavigationController.h */,
				4DEDF118229E123A0044DC05 /* TNCardHiddenNavigationController.m */,
			);
			path = controller;
			sourceTree = "<group>";
		};
		4D6EAE9D229671380088FE12 /* common */ = {
			isa = PBXGroup;
			children = (
				4D6EAED7229778EE0088FE12 /* TOONWYGlobalDefinition.h */,
				4D6EAEA3229671AD0088FE12 /* TNNavigationController.h */,
				4D6EAEA4229671AD0088FE12 /* TNNavigationController.m */,
				4D6EAEA622967DC80088FE12 /* TNDocument.h */,
				4D6EAEA722967DC80088FE12 /* TNDocument.m */,
				4D6EAEB02296970D0088FE12 /* TNIssuerObject.h */,
				4D6EAEB12296970D0088FE12 /* TNIssuerObject.m */,
				4D6EAEB3229697950088FE12 /* TNReceiverObject.h */,
				4D6EAEB4229697950088FE12 /* TNReceiverObject.m */,
				4D6EAEBF22969EBC0088FE12 /* TNCBaseItem.h */,
				4D6EAEC022969EBC0088FE12 /* TNCBaseItem.m */,
				4D6EAEC122969EBD0088FE12 /* TNCBaseItemCell.h */,
				4D6EAEBC22969EBC0088FE12 /* TNCBaseItemCell.m */,
				4D6EAEC322969EBD0088FE12 /* TNCCompatible.h */,
				4D6EAEBD22969EBC0088FE12 /* TNCCompatible.m */,
				4D6EAEBE22969EBC0088FE12 /* TNCSectionModel.h */,
				4D6EAEC222969EBD0088FE12 /* TNCSectionModel.m */,
				4D6EAEC822969EFB0088FE12 /* UIColor+Extension.h */,
				4D6EAEC922969EFB0088FE12 /* UIColor+Extension.m */,
				4D6EAECB2296B4550088FE12 /* MBProgressHUD+Extend.h */,
				4D6EAECC2296B4550088FE12 /* MBProgressHUD+Extend.m */,
				4D6EAED822978E4A0088FE12 /* TSBManager.h */,
				4D6EAED922978E4A0088FE12 /* TSBManager.mm */,
				4DE382862297E7D600B2BB24 /* TNNetWorkManager.h */,
				4DE382872297E7D600B2BB24 /* TNNetWorkManager.m */,
				4DE382892297E9F700B2BB24 /* NSDictionary+NSNull.h */,
				4DE3828A2297E9F700B2BB24 /* NSDictionary+NSNull.m */,
				4DE3828F229B886C00B2BB24 /* TNSqlManager.h */,
				4DE38290229B886C00B2BB24 /* TNSqlManager.m */,
				4DE38292229BE75300B2BB24 /* TNCertManager.h */,
				4DE38293229BE75300B2BB24 /* TNCertManager.m */,
			);
			path = common;
			sourceTree = "<group>";
		};
		4D6EAE9E229671380088FE12 /* model */ = {
			isa = PBXGroup;
			children = (
				4D6EAECE2296B5640088FE12 /* TNApplyCertModel.h */,
				4D6EAECF2296B5640088FE12 /* TNApplyCertModel.m */,
				4D6EAED42296C1710088FE12 /* TNCommonCellItem.h */,
				4D6EAED52296C1710088FE12 /* TNCommonCellItem.m */,
				4DEDF0FF229C083A0044DC05 /* TNHashCertificateModel.h */,
				4DEDF100229C083A0044DC05 /* TNHashCertificateModel.m */,
				4DEDF102229C085F0044DC05 /* TNCertModel.h */,
				4DEDF103229C085F0044DC05 /* TNCertModel.m */,
				4DEDF105229C08730044DC05 /* TNIssuerModel.h */,
				4DEDF106229C08730044DC05 /* TNIssuerModel.m */,
				4DEDF108229C088C0044DC05 /* TNReceiverModel.h */,
				4DEDF109229C088C0044DC05 /* TNReceiverModel.m */,
				4DEDF10B229C08A80044DC05 /* TNSignatureModel.h */,
				4DEDF10C229C08A80044DC05 /* TNSignatureModel.m */,
			);
			path = model;
			sourceTree = "<group>";
		};
		4D6EAE9F229671380088FE12 /* view */ = {
			isa = PBXGroup;
			children = (
				4D6EAEB922969BC10088FE12 /* TNApplyCertView.h */,
				4D6EAEBA22969BC10088FE12 /* TNApplyCertView.m */,
				4DE3828C229B73CB00B2BB24 /* TNHomeView.h */,
				4DE3828D229B73CB00B2BB24 /* TNHomeView.m */,
				4DEDF114229E0FFD0044DC05 /* TNIssuerInfoView.h */,
				4DEDF115229E0FFD0044DC05 /* TNIssuerInfoView.m */,
				4DEDF11A229E15800044DC05 /* TNIssuerInfoHeaderView.h */,
				4DEDF11B229E15800044DC05 /* TNIssuerInfoHeaderView.m */,
				4DEDF120229E37CA0044DC05 /* TNCertInfoView.h */,
				4DEDF121229E37CA0044DC05 /* TNCertInfoView.m */,
				4D6EAED12296B7D00088FE12 /* TNCommonCell.h */,
				4D6EAED22296B7D00088FE12 /* TNCommonCell.m */,
				4DEDF10E229D52570044DC05 /* TNIssuerCell.h */,
				4DEDF10F229D52570044DC05 /* TNIssuerCell.m */,
			);
			path = view;
			sourceTree = "<group>";
		};
		E1168F345FD3F846A2A99D1E /* Frameworks */ = {
			isa = PBXGroup;
			children = (
				0EA9ADA1AD9B787817DA9C77 /* libPods-syswinCert.a */,
			);
			name = Frameworks;
			sourceTree = "<group>";
		};
		EBBC231ABC4EA54F98FBEEA4 /* Pods */ = {
			isa = PBXGroup;
			children = (
				585D9521FA9DA861868C78DE /* Pods-syswinCert.debug.xcconfig */,
				F4D4E0CD29BE475F9A4782A6 /* Pods-syswinCert.release.xcconfig */,
			);
			name = Pods;
			sourceTree = "<group>";
		};
/* End PBXGroup section */

/* Begin PBXNativeTarget section */
		4D6EAE8122964DB60088FE12 /* syswinCert */ = {
			isa = PBXNativeTarget;
			buildConfigurationList = 4D6EAE9822964DB70088FE12 /* Build configuration list for PBXNativeTarget "syswinCert" */;
			buildPhases = (
				BBA06F2880D54988217B2092 /* [CP] Check Pods Manifest.lock */,
				4D6EAE7E22964DB60088FE12 /* Sources */,
				4D6EAE7F22964DB60088FE12 /* Frameworks */,
				4D6EAE8022964DB60088FE12 /* Resources */,
			);
			buildRules = (
			);
			dependencies = (
			);
			name = syswinCert;
			productName = syswinCert;
			productReference = 4D6EAE8222964DB60088FE12 /* syswinCert.app */;
			productType = "com.apple.product-type.application";
		};
/* End PBXNativeTarget section */

/* Begin PBXProject section */
		4D6EAE7A22964DB60088FE12 /* Project object */ = {
			isa = PBXProject;
			attributes = {
				LastUpgradeCheck = 1010;
				ORGANIZATIONNAME = Answer;
				TargetAttributes = {
					4D6EAE8122964DB60088FE12 = {
						CreatedOnToolsVersion = 10.1;
						SystemCapabilities = {
							com.apple.InAppPurchase = {
								enabled = 0;
							};
							com.apple.Push = {
								enabled = 0;
							};
							com.apple.iCloud = {
								enabled = 1;
							};
						};
					};
				};
			};
			buildConfigurationList = 4D6EAE7D22964DB60088FE12 /* Build configuration list for PBXProject "syswinCert" */;
			compatibilityVersion = "Xcode 9.3";
			developmentRegion = en;
			hasScannedForEncodings = 0;
			knownRegions = (
				en,
				Base,
			);
			mainGroup = 4D6EAE7922964DB60088FE12;
			productRefGroup = 4D6EAE8322964DB60088FE12 /* Products */;
			projectDirPath = "";
			projectRoot = "";
			targets = (
				4D6EAE8122964DB60088FE12 /* syswinCert */,
			);
		};
/* End PBXProject section */

/* Begin PBXResourcesBuildPhase section */
		4D6EAE8022964DB60088FE12 /* Resources */ = {
			isa = PBXResourcesBuildPhase;
			buildActionMask = 2147483647;
			files = (
				4D6EAE9222964DB70088FE12 /* LaunchScreen.storyboard in Resources */,
				4D6EAE8F22964DB70088FE12 /* Assets.xcassets in Resources */,
				4D6EAE8D22964DB60088FE12 /* Main.storyboard in Resources */,
			);
			runOnlyForDeploymentPostprocessing = 0;
		};
/* End PBXResourcesBuildPhase section */

/* Begin PBXShellScriptBuildPhase section */
		BBA06F2880D54988217B2092 /* [CP] Check Pods Manifest.lock */ = {
			isa = PBXShellScriptBuildPhase;
			buildActionMask = 2147483647;
			files = (
			);
			inputPaths = (
				"${PODS_PODFILE_DIR_PATH}/Podfile.lock",
				"${PODS_ROOT}/Manifest.lock",
			);
			name = "[CP] Check Pods Manifest.lock";
			outputPaths = (
				"$(DERIVED_FILE_DIR)/Pods-syswinCert-checkManifestLockResult.txt",
			);
			runOnlyForDeploymentPostprocessing = 0;
			shellPath = /bin/sh;
			shellScript = "diff \"${PODS_PODFILE_DIR_PATH}/Podfile.lock\" \"${PODS_ROOT}/Manifest.lock\" > /dev/null\nif [ $? != 0 ] ; then\n    # print error to STDERR\n    echo \"error: The sandbox is not in sync with the Podfile.lock. Run 'pod install' or update your CocoaPods installation.\" >&2\n    exit 1\nfi\n# This output is used by Xcode 'outputs' to avoid re-running this script phase.\necho \"SUCCESS\" > \"${SCRIPT_OUTPUT_FILE_0}\"\n";
			showEnvVarsInLog = 0;
		};
/* End PBXShellScriptBuildPhase section */

/* Begin PBXSourcesBuildPhase section */
		4D6EAE7E22964DB60088FE12 /* Sources */ = {
			isa = PBXSourcesBuildPhase;
			buildActionMask = 2147483647;
			files = (
				4DE382882297E7D600B2BB24 /* TNNetWorkManager.m in Sources */,
				4D6EAEA822967DC80088FE12 /* TNDocument.m in Sources */,
				4DE3828B2297E9F700B2BB24 /* NSDictionary+NSNull.m in Sources */,
				4DE38291229B886C00B2BB24 /* TNSqlManager.m in Sources */,
				4D6EAEC722969EBD0088FE12 /* TNCSectionModel.m in Sources */,
				4DEDF104229C085F0044DC05 /* TNCertModel.m in Sources */,
				4D6EAEA22296717B0088FE12 /* TNHomeViewController.m in Sources */,
				4DE3828E229B73CB00B2BB24 /* TNHomeView.m in Sources */,
				4D6EAECA22969EFB0088FE12 /* UIColor+Extension.m in Sources */,
				4D6EAED02296B5640088FE12 /* TNApplyCertModel.m in Sources */,
				4DEDF110229D52570044DC05 /* TNIssuerCell.m in Sources */,
				4DEDF10D229C08A80044DC05 /* TNSignatureModel.m in Sources */,
				4D6EAEA5229671AD0088FE12 /* TNNavigationController.m in Sources */,
				4D6EAEB5229697950088FE12 /* TNReceiverObject.m in Sources */,
				4DEDF122229E37CA0044DC05 /* TNCertInfoView.m in Sources */,
				4DEDF10A229C088C0044DC05 /* TNReceiverModel.m in Sources */,
				4D6EAED62296C1710088FE12 /* TNCommonCellItem.m in Sources */,
				4D6EAEB822969B820088FE12 /* TNApplyCertController.m in Sources */,
				4DEDF116229E0FFD0044DC05 /* TNIssuerInfoView.m in Sources */,
				4DEDF11F229E34000044DC05 /* TNCertInfoController.m in Sources */,
				4D6EAED32296B7D00088FE12 /* TNCommonCell.m in Sources */,
				4D6EAEB22296970D0088FE12 /* TNIssuerObject.m in Sources */,
				4DEDF11C229E15800044DC05 /* TNIssuerInfoHeaderView.m in Sources */,
				4DEDF119229E123A0044DC05 /* TNCardHiddenNavigationController.m in Sources */,
				4D6EAE9522964DB70088FE12 /* main.m in Sources */,
				4D6EAEC622969EBD0088FE12 /* TNCBaseItem.m in Sources */,
				4DEDF107229C08730044DC05 /* TNIssuerModel.m in Sources */,
				4D6EAE8722964DB60088FE12 /* AppDelegate.m in Sources */,
				4D6EAEDA22978E4A0088FE12 /* TSBManager.mm in Sources */,
				4DEDF101229C083A0044DC05 /* TNHashCertificateModel.m in Sources */,
				4D6EAEBB22969BC10088FE12 /* TNApplyCertView.m in Sources */,
				4D6EAECD2296B4550088FE12 /* MBProgressHUD+Extend.m in Sources */,
				4DE38294229BE75300B2BB24 /* TNCertManager.m in Sources */,
				4D6EAEC422969EBD0088FE12 /* TNCBaseItemCell.m in Sources */,
				4DEDF113229E0FB90044DC05 /* TNIssuerInfoController.m in Sources */,
				4D6EAEC522969EBD0088FE12 /* TNCCompatible.m in Sources */,
			);
			runOnlyForDeploymentPostprocessing = 0;
		};
/* End PBXSourcesBuildPhase section */

/* Begin PBXVariantGroup section */
		4D6EAE8B22964DB60088FE12 /* Main.storyboard */ = {
			isa = PBXVariantGroup;
			children = (
				4D6EAE8C22964DB60088FE12 /* Base */,
			);
			name = Main.storyboard;
			sourceTree = "<group>";
		};
		4D6EAE9022964DB70088FE12 /* LaunchScreen.storyboard */ = {
			isa = PBXVariantGroup;
			children = (
				4D6EAE9122964DB70088FE12 /* Base */,
			);
			name = LaunchScreen.storyboard;
			sourceTree = "<group>";
		};
/* End PBXVariantGroup section */

/* Begin XCBuildConfiguration section */
		4D6EAE9622964DB70088FE12 /* Debug */ = {
			isa = XCBuildConfiguration;
			buildSettings = {
				ALWAYS_SEARCH_USER_PATHS = NO;
				CLANG_ANALYZER_NONNULL = YES;
				CLANG_ANALYZER_NUMBER_OBJECT_CONVERSION = YES_AGGRESSIVE;
				CLANG_CXX_LANGUAGE_STANDARD = "gnu++14";
				CLANG_CXX_LIBRARY = "libc++";
				CLANG_ENABLE_MODULES = YES;
				CLANG_ENABLE_OBJC_ARC = YES;
				CLANG_ENABLE_OBJC_WEAK = YES;
				CLANG_WARN_BLOCK_CAPTURE_AUTORELEASING = YES;
				CLANG_WARN_BOOL_CONVERSION = YES;
				CLANG_WARN_COMMA = YES;
				CLANG_WARN_CONSTANT_CONVERSION = YES;
				CLANG_WARN_DEPRECATED_OBJC_IMPLEMENTATIONS = YES;
				CLANG_WARN_DIRECT_OBJC_ISA_USAGE = YES_ERROR;
				CLANG_WARN_DOCUMENTATION_COMMENTS = YES;
				CLANG_WARN_EMPTY_BODY = YES;
				CLANG_WARN_ENUM_CONVERSION = YES;
				CLANG_WARN_INFINITE_RECURSION = YES;
				CLANG_WARN_INT_CONVERSION = YES;
				CLANG_WARN_NON_LITERAL_NULL_CONVERSION = YES;
				CLANG_WARN_OBJC_IMPLICIT_RETAIN_SELF = YES;
				CLANG_WARN_OBJC_LITERAL_CONVERSION = YES;
				CLANG_WARN_OBJC_ROOT_CLASS = YES_ERROR;
				CLANG_WARN_RANGE_LOOP_ANALYSIS = YES;
				CLANG_WARN_STRICT_PROTOTYPES = YES;
				CLANG_WARN_SUSPICIOUS_MOVE = YES;
				CLANG_WARN_UNGUARDED_AVAILABILITY = YES_AGGRESSIVE;
				CLANG_WARN_UNREACHABLE_CODE = YES;
				CLANG_WARN__DUPLICATE_METHOD_MATCH = YES;
				CODE_SIGN_IDENTITY = "iPhone Developer";
				COPY_PHASE_STRIP = NO;
				DEBUG_INFORMATION_FORMAT = dwarf;
				ENABLE_STRICT_OBJC_MSGSEND = YES;
				ENABLE_TESTABILITY = YES;
				GCC_C_LANGUAGE_STANDARD = gnu11;
				GCC_DYNAMIC_NO_PIC = NO;
				GCC_NO_COMMON_BLOCKS = YES;
				GCC_OPTIMIZATION_LEVEL = 0;
				GCC_PREPROCESSOR_DEFINITIONS = (
					"DEBUG=1",
					"$(inherited)",
				);
				GCC_WARN_64_TO_32_BIT_CONVERSION = YES;
				GCC_WARN_ABOUT_RETURN_TYPE = YES_ERROR;
				GCC_WARN_UNDECLARED_SELECTOR = YES;
				GCC_WARN_UNINITIALIZED_AUTOS = YES_AGGRESSIVE;
				GCC_WARN_UNUSED_FUNCTION = YES;
				GCC_WARN_UNUSED_VARIABLE = YES;
				IPHONEOS_DEPLOYMENT_TARGET = 9.0;
				MTL_ENABLE_DEBUG_INFO = INCLUDE_SOURCE;
				MTL_FAST_MATH = YES;
				ONLY_ACTIVE_ARCH = YES;
				SDKROOT = iphoneos;
			};
			name = Debug;
		};
		4D6EAE9722964DB70088FE12 /* Release */ = {
			isa = XCBuildConfiguration;
			buildSettings = {
				ALWAYS_SEARCH_USER_PATHS = NO;
				CLANG_ANALYZER_NONNULL = YES;
				CLANG_ANALYZER_NUMBER_OBJECT_CONVERSION = YES_AGGRESSIVE;
				CLANG_CXX_LANGUAGE_STANDARD = "gnu++14";
				CLANG_CXX_LIBRARY = "libc++";
				CLANG_ENABLE_MODULES = YES;
				CLANG_ENABLE_OBJC_ARC = YES;
				CLANG_ENABLE_OBJC_WEAK = YES;
				CLANG_WARN_BLOCK_CAPTURE_AUTORELEASING = YES;
				CLANG_WARN_BOOL_CONVERSION = YES;
				CLANG_WARN_COMMA = YES;
				CLANG_WARN_CONSTANT_CONVERSION = YES;
				CLANG_WARN_DEPRECATED_OBJC_IMPLEMENTATIONS = YES;
				CLANG_WARN_DIRECT_OBJC_ISA_USAGE = YES_ERROR;
				CLANG_WARN_DOCUMENTATION_COMMENTS = YES;
				CLANG_WARN_EMPTY_BODY = YES;
				CLANG_WARN_ENUM_CONVERSION = YES;
				CLANG_WARN_INFINITE_RECURSION = YES;
				CLANG_WARN_INT_CONVERSION = YES;
				CLANG_WARN_NON_LITERAL_NULL_CONVERSION = YES;
				CLANG_WARN_OBJC_IMPLICIT_RETAIN_SELF = YES;
				CLANG_WARN_OBJC_LITERAL_CONVERSION = YES;
				CLANG_WARN_OBJC_ROOT_CLASS = YES_ERROR;
				CLANG_WARN_RANGE_LOOP_ANALYSIS = YES;
				CLANG_WARN_STRICT_PROTOTYPES = YES;
				CLANG_WARN_SUSPICIOUS_MOVE = YES;
				CLANG_WARN_UNGUARDED_AVAILABILITY = YES_AGGRESSIVE;
				CLANG_WARN_UNREACHABLE_CODE = YES;
				CLANG_WARN__DUPLICATE_METHOD_MATCH = YES;
				CODE_SIGN_IDENTITY = "iPhone Developer";
				COPY_PHASE_STRIP = NO;
				DEBUG_INFORMATION_FORMAT = "dwarf-with-dsym";
				ENABLE_NS_ASSERTIONS = NO;
				ENABLE_STRICT_OBJC_MSGSEND = YES;
				GCC_C_LANGUAGE_STANDARD = gnu11;
				GCC_NO_COMMON_BLOCKS = YES;
				GCC_WARN_64_TO_32_BIT_CONVERSION = YES;
				GCC_WARN_ABOUT_RETURN_TYPE = YES_ERROR;
				GCC_WARN_UNDECLARED_SELECTOR = YES;
				GCC_WARN_UNINITIALIZED_AUTOS = YES_AGGRESSIVE;
				GCC_WARN_UNUSED_FUNCTION = YES;
				GCC_WARN_UNUSED_VARIABLE = YES;
				IPHONEOS_DEPLOYMENT_TARGET = 9.0;
				MTL_ENABLE_DEBUG_INFO = NO;
				MTL_FAST_MATH = YES;
				SDKROOT = iphoneos;
				VALIDATE_PRODUCT = YES;
			};
			name = Release;
		};
		4D6EAE9922964DB70088FE12 /* Debug */ = {
			isa = XCBuildConfiguration;
			baseConfigurationReference = 585D9521FA9DA861868C78DE /* Pods-syswinCert.debug.xcconfig */;
			buildSettings = {
				ASSETCATALOG_COMPILER_APPICON_NAME = AppIcon;
				CODE_SIGN_ENTITLEMENTS = syswinCert/syswinCert.entitlements;
				CODE_SIGN_STYLE = Manual;
				DEVELOPMENT_TEAM = TLWP697Z5D;
				ENABLE_BITCODE = NO;
				INFOPLIST_FILE = syswinCert/Info.plist;
				IPHONEOS_DEPLOYMENT_TARGET = 9.0;
				LD_RUNPATH_SEARCH_PATHS = (
					"$(inherited)",
					"@executable_path/Frameworks",
				);
				PRODUCT_BUNDLE_IDENTIFIER = com.systoon.enterprise.syswinCert;
				PRODUCT_NAME = "$(TARGET_NAME)";
				PROVISIONING_PROFILE_SPECIFIER = com.systoon.enterprise.syswinCert;
				TARGETED_DEVICE_FAMILY = "1,2";
			};
			name = Debug;
		};
		4D6EAE9A22964DB70088FE12 /* Release */ = {
			isa = XCBuildConfiguration;
			baseConfigurationReference = F4D4E0CD29BE475F9A4782A6 /* Pods-syswinCert.release.xcconfig */;
			buildSettings = {
				ASSETCATALOG_COMPILER_APPICON_NAME = AppIcon;
				CODE_SIGN_ENTITLEMENTS = syswinCert/syswinCert.entitlements;
				CODE_SIGN_STYLE = Manual;
				DEVELOPMENT_TEAM = "";
				ENABLE_BITCODE = NO;
				INFOPLIST_FILE = syswinCert/Info.plist;
				IPHONEOS_DEPLOYMENT_TARGET = 9.0;
				LD_RUNPATH_SEARCH_PATHS = (
					"$(inherited)",
					"@executable_path/Frameworks",
				);
				PRODUCT_BUNDLE_IDENTIFIER = com.systoon.enterprise.syswinCert;
				PRODUCT_NAME = "$(TARGET_NAME)";
				PROVISIONING_PROFILE_SPECIFIER = "";
				TARGETED_DEVICE_FAMILY = "1,2";
			};
			name = Release;
		};
/* End XCBuildConfiguration section */

/* Begin XCConfigurationList section */
		4D6EAE7D22964DB60088FE12 /* Build configuration list for PBXProject "syswinCert" */ = {
			isa = XCConfigurationList;
			buildConfigurations = (
				4D6EAE9622964DB70088FE12 /* Debug */,
				4D6EAE9722964DB70088FE12 /* Release */,
			);
			defaultConfigurationIsVisible = 0;
			defaultConfigurationName = Release;
		};
		4D6EAE9822964DB70088FE12 /* Build configuration list for PBXNativeTarget "syswinCert" */ = {
			isa = XCConfigurationList;
			buildConfigurations = (
				4D6EAE9922964DB70088FE12 /* Debug */,
				4D6EAE9A22964DB70088FE12 /* Release */,
			);
			defaultConfigurationIsVisible = 0;
			defaultConfigurationName = Release;
		};
/* End XCConfigurationList section */
	};
	rootObject = 4D6EAE7A22964DB60088FE12 /* Project object */;
}
